<?xml version="1.0" encoding="UTF-8" standalone="yes" ?>
<CodeBlocks_project_file>
	<FileVersion major="1" minor="6" />
	<Project>
		<Option title="AlgoritmKruskalC" />
		<Option pch_mode="2" />
		<Option compiler="gcc" />
		<Build>
			<Target title="Debug">
				<Option output="bin/Debug/AlgoritmKruskalC" prefix_auto="1" extension_auto="1" />
				<Option object_output="obj/Debug/" />
				<Option type="1" />
				<Option compiler="gcc" />
				<Compiler>
					<Add option="-g" />
				</Compiler>
			</Target>
			<Target title="Release">
				<Option output="bin/Release/AlgoritmKruskalC" prefix_auto="1" extension_auto="1" />
				<Option object_output="obj/Release/" />
				<Option type="1" />
				<Option compiler="gcc" />
				<Compiler>
					<Add option="-O2" />
				</Compiler>
				<Linker>
					<Add option="-s" />
				</Linker>
			</Target>
		</Build>
		<Compiler>
			<Add option="-Wall" />
		</Compiler>
		<Unit filename="date1.txt" />
		<Unit filename="date10.txt" />
		<Unit filename="date2.txt" />
		<Unit filename="date3.txt" />
		<Unit filename="date4.txt" />
		<Unit filename="date5.txt" />
		<Unit filename="date6.txt" />
		<Unit filename="date7.txt" />
		<Unit filename="date8.txt" />
		<Unit filename="date9.txt" />
		<Unit filename="declaratii.h" />
		<Unit filename="kruskal.c">
			<Option compilerVar="CC" />
		</Unit>
		<Unit filename="kruskal.h" />
		<Unit filename="main.c">
			<Option compilerVar="CC" />
		</Unit>
		<Extensions>
			<code_completion />
			<envvars />
			<debugger />
		</Extensions>
	</Project>
</CodeBlocks_project_file>
